
Microsoft Visual Studio Solution File, Format Version 11.00
# Visual Studio 2010
Project("{FAE04EC0-301F-11D3-BF4B-00C04F79EFBC}") = "UnityEngine.UI", "UnityEngine.UI.csproj", "{e568fd12-f250-b7aa-c431-b35e75e06d4a}"
EndProject
Project("{FAE04EC0-301F-11D3-BF4B-00C04F79EFBC}") = "Assembly-CSharp", "Assembly-CSharp.csproj", "{a2fa0cf8-6590-a314-b3b3-75eac46c5ed7}"
EndProject
Project("{FAE04EC0-301F-11D3-BF4B-00C04F79EFBC}") = "Unity.2D.Sprite.Editor", "Unity.2D.Sprite.Editor.csproj", "{12d36972-1821-4d2e-1e95-527da9280470}"
EndProject
Project("{FAE04EC0-301F-11D3-BF4B-00C04F79EFBC}") = "UnityEditor.UI", "UnityEditor.UI.csproj", "{313b11c9-71ea-2af9-d14f-755cf364808b}"
EndProject
Project("{FAE04EC0-301F-11D3-BF4B-00C04F79EFBC}") = "Unity.2D.Tilemap.Editor", "Unity.2D.Tilemap.Editor.csproj", "{1c2323b5-eec0-857b-19ea-3082a45bddd8}"
EndProject
Global
	GlobalSection(SolutionConfigurationPlatforms) = preSolution
		Debug|Any CPU = Debug|Any CPU
	EndGlobalSection
	GlobalSection(ProjectConfigurationPlatforms) = postSolution
		{e568fd12-f250-b7aa-c431-b35e75e06d4a}.Debug|Any CPU.ActiveCfg = Debug|Any CPU
		{e568fd12-f250-b7aa-c431-b35e75e06d4a}.Debug|Any CPU.Build.0 = Debug|Any CPU
		{a2fa0cf8-6590-a314-b3b3-75eac46c5ed7}.Debug|Any CPU.ActiveCfg = Debug|Any CPU
		{a2fa0cf8-6590-a314-b3b3-75eac46c5ed7}.Debug|Any CPU.Build.0 = Debug|Any CPU
		{12d36972-1821-4d2e-1e95-527da9280470}.Debug|Any CPU.ActiveCfg = Debug|Any CPU
		{12d36972-1821-4d2e-1e95-527da9280470}.Debug|Any CPU.Build.0 = Debug|Any CPU
		{313b11c9-71ea-2af9-d14f-755cf364808b}.Debug|Any CPU.ActiveCfg = Debug|Any CPU
		{313b11c9-71ea-2af9-d14f-755cf364808b}.Debug|Any CPU.Build.0 = Debug|Any CPU
		{1c2323b5-eec0-857b-19ea-3082a45bddd8}.Debug|Any CPU.ActiveCfg = Debug|Any CPU
		{1c2323b5-eec0-857b-19ea-3082a45bddd8}.Debug|Any CPU.Build.0 = Debug|Any CPU
	EndGlobalSection
	GlobalSection(SolutionProperties) = preSolution
		HideSolutionNode = FALSE
	EndGlobalSection
EndGlobal
