
Microsoft Visual Studio Solution File, Format Version 11.00
# Visual Studio 2010
Project("{FAE04EC0-301F-11D3-BF4B-00C04F79EFBC}") = "UnityEngine.UI", "UnityEngine.UI.csproj", "{6f77ad76-5b90-9b68-d37c-e7118889b427}"
EndProject
Project("{FAE04EC0-301F-11D3-BF4B-00C04F79EFBC}") = "Assembly-CSharp", "Assembly-CSharp.csproj", "{e6b07f98-a5a9-9a45-0bdb-6f62d08124eb}"
EndProject
Project("{FAE04EC0-301F-11D3-BF4B-00C04F79EFBC}") = "UnityEditor.UI", "UnityEditor.UI.csproj", "{0fa7790e-4a8d-9ca2-f759-8863e77061a8}"
EndProject
Global
	GlobalSection(SolutionConfigurationPlatforms) = preSolution
		Debug|Any CPU = Debug|Any CPU
	EndGlobalSection
	GlobalSection(ProjectConfigurationPlatforms) = postSolution
		{6f77ad76-5b90-9b68-d37c-e7118889b427}.Debug|Any CPU.ActiveCfg = Debug|Any CPU
		{6f77ad76-5b90-9b68-d37c-e7118889b427}.Debug|Any CPU.Build.0 = Debug|Any CPU
		{e6b07f98-a5a9-9a45-0bdb-6f62d08124eb}.Debug|Any CPU.ActiveCfg = Debug|Any CPU
		{e6b07f98-a5a9-9a45-0bdb-6f62d08124eb}.Debug|Any CPU.Build.0 = Debug|Any CPU
		{0fa7790e-4a8d-9ca2-f759-8863e77061a8}.Debug|Any CPU.ActiveCfg = Debug|Any CPU
		{0fa7790e-4a8d-9ca2-f759-8863e77061a8}.Debug|Any CPU.Build.0 = Debug|Any CPU
	EndGlobalSection
	GlobalSection(SolutionProperties) = preSolution
		HideSolutionNode = FALSE
	EndGlobalSection
EndGlobal
